lockfileVersion: '9.0'

settings:
  autoInstallPeers: true
  excludeLinksFromLockfile: false

importers:

  .:
    devDependencies:
      skills:
        specifier: ^1.5.16
        version: 1.5.16

packages:

  skills@1.5.16:
    resolution: {integrity: sha512-O+pjcrnm5WkSSBD3WJxjdDssE+oynm7k1LnKMjXvsVeQdmKmY/a+gi6WUOhyGVIYptkFmBBEho/zyf22UtN6cw==}
    engines: {node: '>=18'}
    hasBin: true

  yaml@2.9.0:
    resolution: {integrity: sha512-2AvhNX3mb8zd6Zy7INTtSpl1F15HW6Wnqj0srWlkKLcpYl/gMIMJiyuGq2KeI2YFxUPjdlB+3Lc10seMLtL4cA==}
    engines: {node: '>= 14.6'}
    hasBin: true

snapshots:

  skills@1.5.16:
    dependencies:
      yaml: 2.9.0

  yaml@2.9.0: {}
